
Microsoft Visual Studio Solution File, Format Version 12.00
# Visual Studio 15
VisualStudioVersion = 15.0.26403.7
MinimumVisualStudioVersion = 10.0.40219.1
Project("{9A19103F-16F7-4668-BE54-9A1E7A4F7556}") = "DataModel", "DataModel\DataModel.csproj", "{74BF4294-3FAB-45B3-B011-BBC9B2DDD5F6}"
EndProject
Project("{9A19103F-16F7-4668-BE54-9A1E7A4F7556}") = "Entities", "Entities\Entities.csproj", "{C33EF3AE-43D4-489B-A893-AF348313E3D0}"
EndProject
Project("{FAE04EC0-301F-11D3-BF4B-00C04F79EFBC}") = "RepositoryTests", "RepositoryTests\RepositoryTests.csproj", "{5EB06D5B-A86D-4E39-A2EA-F3AB20EF033A}"
EndProject
Project("{FAE04EC0-301F-11D3-BF4B-00C04F79EFBC}") = "ConsoleUI", "ConsoleUI\ConsoleUI.csproj", "{B077D3D3-306E-4437-BCC1-220FEC2197D4}"
EndProject
Global
	GlobalSection(SolutionConfigurationPlatforms) = preSolution
		Debug|Any CPU = Debug|Any CPU
		Release|Any CPU = Release|Any CPU
	EndGlobalSection
	GlobalSection(ProjectConfigurationPlatforms) = postSolution
		{74BF4294-3FAB-45B3-B011-BBC9B2DDD5F6}.Debug|Any CPU.ActiveCfg = Debug|Any CPU
		{74BF4294-3FAB-45B3-B011-BBC9B2DDD5F6}.Debug|Any CPU.Build.0 = Debug|Any CPU
		{74BF4294-3FAB-45B3-B011-BBC9B2DDD5F6}.Release|Any CPU.ActiveCfg = Release|Any CPU
		{74BF4294-3FAB-45B3-B011-BBC9B2DDD5F6}.Release|Any CPU.Build.0 = Release|Any CPU
		{C33EF3AE-43D4-489B-A893-AF348313E3D0}.Debug|Any CPU.ActiveCfg = Debug|Any CPU
		{C33EF3AE-43D4-489B-A893-AF348313E3D0}.Debug|Any CPU.Build.0 = Debug|Any CPU
		{C33EF3AE-43D4-489B-A893-AF348313E3D0}.Release|Any CPU.ActiveCfg = Release|Any CPU
		{C33EF3AE-43D4-489B-A893-AF348313E3D0}.Release|Any CPU.Build.0 = Release|Any CPU
		{5EB06D5B-A86D-4E39-A2EA-F3AB20EF033A}.Debug|Any CPU.ActiveCfg = Debug|Any CPU
		{5EB06D5B-A86D-4E39-A2EA-F3AB20EF033A}.Debug|Any CPU.Build.0 = Debug|Any CPU
		{5EB06D5B-A86D-4E39-A2EA-F3AB20EF033A}.Release|Any CPU.ActiveCfg = Release|Any CPU
		{5EB06D5B-A86D-4E39-A2EA-F3AB20EF033A}.Release|Any CPU.Build.0 = Release|Any CPU
		{B077D3D3-306E-4437-BCC1-220FEC2197D4}.Debug|Any CPU.ActiveCfg = Debug|Any CPU
		{B077D3D3-306E-4437-BCC1-220FEC2197D4}.Debug|Any CPU.Build.0 = Debug|Any CPU
		{B077D3D3-306E-4437-BCC1-220FEC2197D4}.Release|Any CPU.ActiveCfg = Release|Any CPU
		{B077D3D3-306E-4437-BCC1-220FEC2197D4}.Release|Any CPU.Build.0 = Release|Any CPU
	EndGlobalSection
	GlobalSection(SolutionProperties) = preSolution
		HideSolutionNode = FALSE
	EndGlobalSection
EndGlobal
